{
  "name": "node-cec-fix-tv",
  "version": "1.0.0",
  "lockfileVersion": 1,
  "requires": true,
  "dependencies": {
    "node-cec": {
      "version": "0.1.2",
      "resolved": "https://registry.npmjs.org/node-cec/-/node-cec-0.1.2.tgz",
      "integrity": "sha1-t8Q/hl4+XM6p2bszlzZ2b31v8F0="
    }
  }
}
